
Microsoft Visual Studio Solution File, Format Version 12.00
# Visual Studio Version 17
VisualStudioVersion = 17.13.35913.81 d17.13
MinimumVisualStudioVersion = 10.0.40219.1
Project("{FAE04EC0-301F-11D3-BF4B-00C04F79EFBC}") = "LogistikVerwaltung", "LogistikVerwaltung\LogistikVerwaltung.csproj", "{98931D9F-D577-4269-9C98-41E9D8AD96BE}"
EndProject
Global
	GlobalSection(SolutionConfigurationPlatforms) = preSolution
		Debug|Any CPU = Debug|Any CPU
		Release|Any CPU = Release|Any CPU
	EndGlobalSection
	GlobalSection(ProjectConfigurationPlatforms) = postSolution
		{98931D9F-D577-4269-9C98-41E9D8AD96BE}.Debug|Any CPU.ActiveCfg = Debug|Any CPU
		{98931D9F-D577-4269-9C98-41E9D8AD96BE}.Debug|Any CPU.Build.0 = Debug|Any CPU
		{98931D9F-D577-4269-9C98-41E9D8AD96BE}.Release|Any CPU.ActiveCfg = Release|Any CPU
		{98931D9F-D577-4269-9C98-41E9D8AD96BE}.Release|Any CPU.Build.0 = Release|Any CPU
	EndGlobalSection
	GlobalSection(SolutionProperties) = preSolution
		HideSolutionNode = FALSE
	EndGlobalSection
	GlobalSection(ExtensibilityGlobals) = postSolution
		SolutionGuid = {C68F76B0-BB16-4539-8008-33704C1DE77A}
	EndGlobalSection
EndGlobal
